
Microsoft Visual Studio Solution File, Format Version 12.00
# Visual Studio Version 17
VisualStudioVersion = 17.4.33122.133
MinimumVisualStudioVersion = 10.0.40219.1
Project("{8BC9CEB8-8B4A-11D0-8D11-00A0C91BC942}") = "str", "str\str.vcxproj", "{5B6944E1-6F43-4780-854E-E8F41E4BD711}"
EndProject
Global
	GlobalSection(SolutionConfigurationPlatforms) = preSolution
		Debug|x64 = Debug|x64
		Debug|x86 = Debug|x86
		Release|x64 = Release|x64
		Release|x86 = Release|x86
	EndGlobalSection
	GlobalSection(ProjectConfigurationPlatforms) = postSolution
		{5B6944E1-6F43-4780-854E-E8F41E4BD711}.Debug|x64.ActiveCfg = Debug|x64
		{5B6944E1-6F43-4780-854E-E8F41E4BD711}.Debug|x64.Build.0 = Debug|x64
		{5B6944E1-6F43-4780-854E-E8F41E4BD711}.Debug|x86.ActiveCfg = Debug|Win32
		{5B6944E1-6F43-4780-854E-E8F41E4BD711}.Debug|x86.Build.0 = Debug|Win32
		{5B6944E1-6F43-4780-854E-E8F41E4BD711}.Release|x64.ActiveCfg = Release|x64
		{5B6944E1-6F43-4780-854E-E8F41E4BD711}.Release|x64.Build.0 = Release|x64
		{5B6944E1-6F43-4780-854E-E8F41E4BD711}.Release|x86.ActiveCfg = Release|Win32
		{5B6944E1-6F43-4780-854E-E8F41E4BD711}.Release|x86.Build.0 = Release|Win32
	EndGlobalSection
	GlobalSection(SolutionProperties) = preSolution
		HideSolutionNode = FALSE
	EndGlobalSection
	GlobalSection(ExtensibilityGlobals) = postSolution
		SolutionGuid = {165D136B-07B3-41DD-8361-3D808D38836F}
	EndGlobalSection
EndGlobal
